<?xml version="1.0" encoding="utf-8"?>
<Project ToolsVersion="4.0" xmlns="http://schemas.microsoft.com/developer/msbuild/2003">
  <ItemGroup>
    <Filter Include="NoDesk">
      <UniqueIdentifier>{82731b23-7642-407c-91a9-2e4a42780fd3}</UniqueIdentifier>
    </Filter>
  </ItemGroup>
  <ItemGroup>
    <ClCompile Include="$(MSBuildThisFileDirectory)NoDesk\strings.cpp">
      <Filter>NoDesk</Filter>
    </ClCompile>
    <ClCompile Include="$(MSBuildThisFileDirectory)NoDesk\process.cpp">
      <Filter>NoDesk</Filter>
    </ClCompile>
    <ClCompile Include="$(MSBuildThisFileDirectory)NoDesk\paths.cpp">
      <Filter>NoDesk</Filter>
    </ClCompile>
    <ClCompile Include="$(MSBuildThisFileDirectory)NoDesk\update.cpp">
      <Filter>NoDesk</Filter>
    </ClCompile>
  </ItemGroup>
  <ItemGroup>
    <ClInclude Include="$(MSBuildThisFileDirectory)NoDesk\strings.h">
      <Filter>NoDesk</Filter>
    </ClInclude>
    <ClInclude Include="$(MSBuildThisFileDirectory)NoDesk\process.h">
      <Filter>NoDesk</Filter>
    </ClInclude>
    <ClInclude Include="$(MSBuildThisFileDirectory)framework.h" />
    <ClInclude Include="$(MSBuildThisFileDirectory)targetver.h" />
    <ClInclude Include="$(MSBuildThisFileDirectory)NoDesk\paths.h">
      <Filter>NoDesk</Filter>
    </ClInclude>
    <ClInclude Include="$(MSBuildThisFileDirectory)NoDesk\update.h">
      <Filter>NoDesk</Filter>
    </ClInclude>
  </ItemGroup>
</Project>